
Microsoft Visual Studio Solution File, Format Version 12.00
# Visual Studio Version 16
VisualStudioVersion = 16.0.29411.108
MinimumVisualStudioVersion = 10.0.40219.1
Project("{9A19103F-16F7-4668-BE54-9A1E7A4F7556}") = "XFLog", "XFLog.csproj", "{23187256-7EB1-4D1D-896D-BC001345EF6C}"
EndProject
Global
	GlobalSection(SolutionConfigurationPlatforms) = preSolution
		Debug|Any CPU = Debug|Any CPU
		Release|Any CPU = Release|Any CPU
	EndGlobalSection
	GlobalSection(ProjectConfigurationPlatforms) = postSolution
		{23187256-7EB1-4D1D-896D-BC001345EF6C}.Debug|Any CPU.ActiveCfg = Debug|Any CPU
		{23187256-7EB1-4D1D-896D-BC001345EF6C}.Debug|Any CPU.Build.0 = Debug|Any CPU
		{23187256-7EB1-4D1D-896D-BC001345EF6C}.Release|Any CPU.ActiveCfg = Release|Any CPU
		{23187256-7EB1-4D1D-896D-BC001345EF6C}.Release|Any CPU.Build.0 = Release|Any CPU
	EndGlobalSection
	GlobalSection(SolutionProperties) = preSolution
		HideSolutionNode = FALSE
	EndGlobalSection
	GlobalSection(ExtensibilityGlobals) = postSolution
		SolutionGuid = {BCB52C5C-6A94-415B-82A4-C15EE5663855}
	EndGlobalSection
EndGlobal
